
Microsoft Visual Studio Solution File, Format Version 12.00
# Visual Studio 14
VisualStudioVersion = 14.0.25420.1
MinimumVisualStudioVersion = 10.0.40219.1
Project("{FAE04EC0-301F-11D3-BF4B-00C04F79EFBC}") = "Banking", "Banking\Banking.csproj", "{67DA86E3-F2BB-4A5F-A21C-327D4A430C01}"
EndProject
Project("{FAE04EC0-301F-11D3-BF4B-00C04F79EFBC}") = "ConsoleTest", "ConsoleTest\ConsoleTest.csproj", "{C37210AF-1A80-4A97-9936-3724A34C635D}"
EndProject
Global
	GlobalSection(SolutionConfigurationPlatforms) = preSolution
		Debug|Any CPU = Debug|Any CPU
		Release|Any CPU = Release|Any CPU
	EndGlobalSection
	GlobalSection(ProjectConfigurationPlatforms) = postSolution
		{67DA86E3-F2BB-4A5F-A21C-327D4A430C01}.Debug|Any CPU.ActiveCfg = Debug|Any CPU
		{67DA86E3-F2BB-4A5F-A21C-327D4A430C01}.Debug|Any CPU.Build.0 = Debug|Any CPU
		{67DA86E3-F2BB-4A5F-A21C-327D4A430C01}.Release|Any CPU.ActiveCfg = Release|Any CPU
		{67DA86E3-F2BB-4A5F-A21C-327D4A430C01}.Release|Any CPU.Build.0 = Release|Any CPU
		{C37210AF-1A80-4A97-9936-3724A34C635D}.Debug|Any CPU.ActiveCfg = Debug|Any CPU
		{C37210AF-1A80-4A97-9936-3724A34C635D}.Debug|Any CPU.Build.0 = Debug|Any CPU
		{C37210AF-1A80-4A97-9936-3724A34C635D}.Release|Any CPU.ActiveCfg = Release|Any CPU
		{C37210AF-1A80-4A97-9936-3724A34C635D}.Release|Any CPU.Build.0 = Release|Any CPU
	EndGlobalSection
	GlobalSection(SolutionProperties) = preSolution
		HideSolutionNode = FALSE
	EndGlobalSection
EndGlobal
